
Microsoft Visual Studio Solution File, Format Version 12.00
# Visual Studio 15
VisualStudioVersion = 15.0.28307.168
MinimumVisualStudioVersion = 10.0.40219.1
Project("{FAE04EC0-301F-11D3-BF4B-00C04F79EFBC}") = "PoC.GraphQL", "PoC.GraphQL\PoC.GraphQL.csproj", "{15B2987F-B8B6-4277-BEB0-3850DF6808D0}"
EndProject
Global
	GlobalSection(SolutionConfigurationPlatforms) = preSolution
		Debug|Any CPU = Debug|Any CPU
		Release|Any CPU = Release|Any CPU
	EndGlobalSection
	GlobalSection(ProjectConfigurationPlatforms) = postSolution
		{15B2987F-B8B6-4277-BEB0-3850DF6808D0}.Debug|Any CPU.ActiveCfg = Debug|Any CPU
		{15B2987F-B8B6-4277-BEB0-3850DF6808D0}.Debug|Any CPU.Build.0 = Debug|Any CPU
		{15B2987F-B8B6-4277-BEB0-3850DF6808D0}.Release|Any CPU.ActiveCfg = Release|Any CPU
		{15B2987F-B8B6-4277-BEB0-3850DF6808D0}.Release|Any CPU.Build.0 = Release|Any CPU
	EndGlobalSection
	GlobalSection(SolutionProperties) = preSolution
		HideSolutionNode = FALSE
	EndGlobalSection
	GlobalSection(ExtensibilityGlobals) = postSolution
		SolutionGuid = {90A42B50-0D03-4FC3-92F7-9A1A597E2852}
	EndGlobalSection
EndGlobal
